// !$*UTF8*$!
{
	archiveVersion = 1;
	classes = {
	};
	objectVersion = 46;
	objects = {

/* Begin PBXBuildFile section */
		6B32DCC69F81E6A6DA215D05 /* Pods_Sharebill.framework in Frameworks */ = {isa = PBXBuildFile; fileRef = 5AA8FF99427C51AEFFC7E019 /* Pods_Sharebill.framework */; settings = {ATTRIBUTES = (Weak, ); }; };
		CC481F291BAD90B30011C2F0 /* TransactionTableViewController.swift in Sources */ = {isa = PBXBuildFile; fileRef = CC481F281BAD90B30011C2F0 /* TransactionTableViewController.swift */; };
		CC6A85971BAD73B3002CBA3E /* AppDelegate.swift in Sources */ = {isa = PBXBuildFile; fileRef = CC6A85961BAD73B3002CBA3E /* AppDelegate.swift */; };
		CC6A859E1BAD73B4002CBA3E /* Main.storyboard in Resources */ = {isa = PBXBuildFile; fileRef = CC6A859C1BAD73B4002CBA3E /* Main.storyboard */; };
		CC6A85A01BAD73B4002CBA3E /* Images.xcassets in Resources */ = {isa = PBXBuildFile; fileRef = CC6A859F1BAD73B4002CBA3E /* Images.xcassets */; };
		CC6A85A31BAD73B4002CBA3E /* LaunchScreen.xib in Resources */ = {isa = PBXBuildFile; fileRef = CC6A85A11BAD73B4002CBA3E /* LaunchScreen.xib */; };
		CC9C3FFF1BAD7BFC007C6B87 /* TransactionListTableViewController.swift in Sources */ = {isa = PBXBuildFile; fileRef = CC9C3FFE1BAD7BFC007C6B87 /* TransactionListTableViewController.swift */; };
		CC9C40011BAD828E007C6B87 /* Sharebill.swift in Sources */ = {isa = PBXBuildFile; fileRef = CC9C40001BAD828E007C6B87 /* Sharebill.swift */; };
		CCAB178F1BADB83B00631F5C /* BalancesTableViewController.swift in Sources */ = {isa = PBXBuildFile; fileRef = CCAB178E1BADB83B00631F5C /* BalancesTableViewController.swift */; };
		CCAB17911BADB98200631F5C /* parseRational.swift in Sources */ = {isa = PBXBuildFile; fileRef = CCAB17901BADB98200631F5C /* parseRational.swift */; };
		CCAB17931BAE0C7E00631F5C /* NewEntryViewController.swift in Sources */ = {isa = PBXBuildFile; fileRef = CCAB17921BAE0C7E00631F5C /* NewEntryViewController.swift */; };
		CCAB17971BAEE5FB00631F5C /* frac.m in Sources */ = {isa = PBXBuildFile; fileRef = CCAB17961BAEE5FB00631F5C /* frac.m */; };
		CCAB17991BAF00E700631F5C /* SBSPLASH.jpg in Resources */ = {isa = PBXBuildFile; fileRef = CCAB17981BAF00E700631F5C /* SBSPLASH.jpg */; };
/* End PBXBuildFile section */

/* Begin PBXFileReference section */
		5AA8FF99427C51AEFFC7E019 /* Pods_Sharebill.framework */ = {isa = PBXFileReference; explicitFileType = wrapper.framework; includeInIndex = 0; path = Pods_Sharebill.framework; sourceTree = BUILT_PRODUCTS_DIR; };
		CC481F281BAD90B30011C2F0 /* TransactionTableViewController.swift */ = {isa = PBXFileReference; fileEncoding = 4; lastKnownFileType = sourcecode.swift; path = TransactionTableViewController.swift; sourceTree = "<group>"; };
		CC6A85911BAD73B3002CBA3E /* Sharebill.app */ = {isa = PBXFileReference; explicitFileType = wrapper.application; includeInIndex = 0; path = Sharebill.app; sourceTree = BUILT_PRODUCTS_DIR; };
		CC6A85951BAD73B3002CBA3E /* Info.plist */ = {isa = PBXFileReference; lastKnownFileType = text.plist.xml; path = Info.plist; sourceTree = "<group>"; };
		CC6A85961BAD73B3002CBA3E /* AppDelegate.swift */ = {isa = PBXFileReference; lastKnownFileType = sourcecode.swift; path = AppDelegate.swift; sourceTree = "<group>"; };
		CC6A859D1BAD73B4002CBA3E /* Base */ = {isa = PBXFileReference; lastKnownFileType = file.storyboard; name = Base; path = Base.lproj/Main.storyboard; sourceTree = "<group>"; };
		CC6A859F1BAD73B4002CBA3E /* Images.xcassets */ = {isa = PBXFileReference; lastKnownFileType = folder.assetcatalog; path = Images.xcassets; sourceTree = "<group>"; };
		CC6A85A21BAD73B4002CBA3E /* Base */ = {isa = PBXFileReference; lastKnownFileType = file.xib; name = Base; path = Base.lproj/LaunchScreen.xib; sourceTree = "<group>"; };
		CC6A85AD1BAD73B4002CBA3E /* Info.plist */ = {isa = PBXFileReference; lastKnownFileType = text.plist.xml; path = Info.plist; sourceTree = "<group>"; };
		CC6A85AE1BAD73B4002CBA3E /* SharebillTests.swift */ = {isa = PBXFileReference; lastKnownFileType = sourcecode.swift; path = SharebillTests.swift; sourceTree = "<group>"; };
		CC9C3FFE1BAD7BFC007C6B87 /* TransactionListTableViewController.swift */ = {isa = PBXFileReference; fileEncoding = 4; lastKnownFileType = sourcecode.swift; path = TransactionListTableViewController.swift; sourceTree = "<group>"; };
		CC9C40001BAD828E007C6B87 /* Sharebill.swift */ = {isa = PBXFileReference; fileEncoding = 4; lastKnownFileType = sourcecode.swift; name = Sharebill.swift; path = Sharebill/Sharebill.swift; sourceTree = SOURCE_ROOT; };
		CCAB178E1BADB83B00631F5C /* BalancesTableViewController.swift */ = {isa = PBXFileReference; fileEncoding = 4; lastKnownFileType = sourcecode.swift; path = BalancesTableViewController.swift; sourceTree = "<group>"; };
		CCAB17901BADB98200631F5C /* parseRational.swift */ = {isa = PBXFileReference; fileEncoding = 4; lastKnownFileType = sourcecode.swift; path = parseRational.swift; sourceTree = "<group>"; };
		CCAB17921BAE0C7E00631F5C /* NewEntryViewController.swift */ = {isa = PBXFileReference; fileEncoding = 4; lastKnownFileType = sourcecode.swift; path = NewEntryViewController.swift; sourceTree = "<group>"; };
		CCAB17941BAEE5BD00631F5C /* frac.h */ = {isa = PBXFileReference; lastKnownFileType = sourcecode.c.h; path = frac.h; sourceTree = "<group>"; };
		CCAB17951BAEE5FA00631F5C /* Sharebill-Bridging-Header.h */ = {isa = PBXFileReference; lastKnownFileType = sourcecode.c.h; path = "Sharebill-Bridging-Header.h"; sourceTree = SOURCE_ROOT; };
		CCAB17961BAEE5FB00631F5C /* frac.m */ = {isa = PBXFileReference; fileEncoding = 4; lastKnownFileType = sourcecode.c.objc; path = frac.m; sourceTree = "<group>"; };
		CCAB17981BAF00E700631F5C /* SBSPLASH.jpg */ = {isa = PBXFileReference; lastKnownFileType = image.jpeg; path = SBSPLASH.jpg; sourceTree = "<group>"; };
		CF73E0CBC8511927657D2AC7 /* Pods-Sharebill.debug.xcconfig */ = {isa = PBXFileReference; includeInIndex = 1; lastKnownFileType = text.xcconfig; name = "Pods-Sharebill.debug.xcconfig"; path = "Pods/Target Support Files/Pods-Sharebill/Pods-Sharebill.debug.xcconfig"; sourceTree = "<group>"; };
		F72284FB7E885574735017BF /* Pods-Sharebill.release.xcconfig */ = {isa = PBXFileReference; includeInIndex = 1; lastKnownFileType = text.xcconfig; name = "Pods-Sharebill.release.xcconfig"; path = "Pods/Target Support Files/Pods-Sharebill/Pods-Sharebill.release.xcconfig"; sourceTree = "<group>"; };
/* End PBXFileReference section */

/* Begin PBXFrameworksBuildPhase section */
		CC6A858E1BAD73B3002CBA3E /* Frameworks */ = {
			isa = PBXFrameworksBuildPhase;
			buildActionMask = 2147483647;
			files = (
				6B32DCC69F81E6A6DA215D05 /* Pods_Sharebill.framework in Frameworks */,
			);
			runOnlyForDeploymentPostprocessing = 0;
		};
/* End PBXFrameworksBuildPhase section */

/* Begin PBXGroup section */
		422B42D268843A3D7135FEF1 /* Frameworks */ = {
			isa = PBXGroup;
			children = (
				5AA8FF99427C51AEFFC7E019 /* Pods_Sharebill.framework */,
			);
			name = Frameworks;
			sourceTree = "<group>";
		};
		CC6A85881BAD73B3002CBA3E = {
			isa = PBXGroup;
			children = (
				CC6A85931BAD73B3002CBA3E /* Sharebill */,
				CC6A85AB1BAD73B4002CBA3E /* SharebillTests */,
				CC6A85921BAD73B3002CBA3E /* Products */,
				DBB643841F0369810DFE7812 /* Pods */,
				422B42D268843A3D7135FEF1 /* Frameworks */,
			);
			sourceTree = "<group>";
		};
		CC6A85921BAD73B3002CBA3E /* Products */ = {
			isa = PBXGroup;
			children = (
				CC6A85911BAD73B3002CBA3E /* Sharebill.app */,
			);
			name = Products;
			sourceTree = "<group>";
		};
		CC6A85931BAD73B3002CBA3E /* Sharebill */ = {
			isa = PBXGroup;
			children = (
				CC9C40001BAD828E007C6B87 /* Sharebill.swift */,
				CC6A85961BAD73B3002CBA3E /* AppDelegate.swift */,
				CC6A859C1BAD73B4002CBA3E /* Main.storyboard */,
				CC9C3FFE1BAD7BFC007C6B87 /* TransactionListTableViewController.swift */,
				CCAB17981BAF00E700631F5C /* SBSPLASH.jpg */,
				CC6A859F1BAD73B4002CBA3E /* Images.xcassets */,
				CC6A85A11BAD73B4002CBA3E /* LaunchScreen.xib */,
				CC6A85941BAD73B3002CBA3E /* Supporting Files */,
				CC481F281BAD90B30011C2F0 /* TransactionTableViewController.swift */,
				CCAB178E1BADB83B00631F5C /* BalancesTableViewController.swift */,
				CCAB17901BADB98200631F5C /* parseRational.swift */,
				CCAB17921BAE0C7E00631F5C /* NewEntryViewController.swift */,
				CCAB17941BAEE5BD00631F5C /* frac.h */,
				CCAB17961BAEE5FB00631F5C /* frac.m */,
				CCAB17951BAEE5FA00631F5C /* Sharebill-Bridging-Header.h */,
			);
			path = Sharebill;
			sourceTree = "<group>";
		};
		CC6A85941BAD73B3002CBA3E /* Supporting Files */ = {
			isa = PBXGroup;
			children = (
				CC6A85951BAD73B3002CBA3E /* Info.plist */,
			);
			name = "Supporting Files";
			sourceTree = "<group>";
		};
		CC6A85AB1BAD73B4002CBA3E /* SharebillTests */ = {
			isa = PBXGroup;
			children = (
				CC6A85AE1BAD73B4002CBA3E /* SharebillTests.swift */,
				CC6A85AC1BAD73B4002CBA3E /* Supporting Files */,
			);
			path = SharebillTests;
			sourceTree = "<group>";
		};
		CC6A85AC1BAD73B4002CBA3E /* Supporting Files */ = {
			isa = PBXGroup;
			children = (
				CC6A85AD1BAD73B4002CBA3E /* Info.plist */,
			);
			name = "Supporting Files";
			sourceTree = "<group>";
		};
		DBB643841F0369810DFE7812 /* Pods */ = {
			isa = PBXGroup;
			children = (
				CF73E0CBC8511927657D2AC7 /* Pods-Sharebill.debug.xcconfig */,
				F72284FB7E885574735017BF /* Pods-Sharebill.release.xcconfig */,
			);
			name = Pods;
			sourceTree = "<group>";
		};
/* End PBXGroup section */

/* Begin PBXNativeTarget section */
		CC6A85901BAD73B3002CBA3E /* Sharebill */ = {
			isa = PBXNativeTarget;
			buildConfigurationList = CC6A85B21BAD73B4002CBA3E /* Build configuration list for PBXNativeTarget "Sharebill" */;
			buildPhases = (
				0A2E554D306DE6FF00AE41B9 /* Check Pods Manifest.lock */,
				CC6A858D1BAD73B3002CBA3E /* Sources */,
				CC6A858E1BAD73B3002CBA3E /* Frameworks */,
				CC6A858F1BAD73B3002CBA3E /* Resources */,
				9BAB9FBB8BC41999905A8954 /* Embed Pods Frameworks */,
				CFA77054683284B78F772E0C /* Copy Pods Resources */,
			);
			buildRules = (
			);
			dependencies = (
			);
			name = Sharebill;
			productName = Sharebill;
			productReference = CC6A85911BAD73B3002CBA3E /* Sharebill.app */;
			productType = "com.apple.product-type.application";
		};
/* End PBXNativeTarget section */

/* Begin PBXProject section */
		CC6A85891BAD73B3002CBA3E /* Project object */ = {
			isa = PBXProject;
			attributes = {
				LastUpgradeCheck = 0640;
				ORGANIZATIONNAME = BRIK;
				TargetAttributes = {
					CC6A85901BAD73B3002CBA3E = {
						CreatedOnToolsVersion = 6.4;
					};
				};
			};
			buildConfigurationList = CC6A858C1BAD73B3002CBA3E /* Build configuration list for PBXProject "Sharebill" */;
			compatibilityVersion = "Xcode 3.2";
			developmentRegion = English;
			hasScannedForEncodings = 0;
			knownRegions = (
				en,
				Base,
			);
			mainGroup = CC6A85881BAD73B3002CBA3E;
			productRefGroup = CC6A85921BAD73B3002CBA3E /* Products */;
			projectDirPath = "";
			projectRoot = "";
			targets = (
				CC6A85901BAD73B3002CBA3E /* Sharebill */,
			);
		};
/* End PBXProject section */

/* Begin PBXResourcesBuildPhase section */
		CC6A858F1BAD73B3002CBA3E /* Resources */ = {
			isa = PBXResourcesBuildPhase;
			buildActionMask = 2147483647;
			files = (
				CC6A859E1BAD73B4002CBA3E /* Main.storyboard in Resources */,
				CC6A85A31BAD73B4002CBA3E /* LaunchScreen.xib in Resources */,
				CC6A85A01BAD73B4002CBA3E /* Images.xcassets in Resources */,
				CCAB17991BAF00E700631F5C /* SBSPLASH.jpg in Resources */,
			);
			runOnlyForDeploymentPostprocessing = 0;
		};
/* End PBXResourcesBuildPhase section */

/* Begin PBXShellScriptBuildPhase section */
		0A2E554D306DE6FF00AE41B9 /* Check Pods Manifest.lock */ = {
			isa = PBXShellScriptBuildPhase;
			buildActionMask = 2147483647;
			files = (
			);
			inputPaths = (
			);
			name = "Check Pods Manifest.lock";
			outputPaths = (
			);
			runOnlyForDeploymentPostprocessing = 0;
			shellPath = /bin/sh;
			shellScript = "diff \"${PODS_ROOT}/../Podfile.lock\" \"${PODS_ROOT}/Manifest.lock\" > /dev/null\nif [[ $? != 0 ]] ; then\n    cat << EOM\nerror: The sandbox is not in sync with the Podfile.lock. Run 'pod install' or update your CocoaPods installation.\nEOM\n    exit 1\nfi\n";
			showEnvVarsInLog = 0;
		};
		9BAB9FBB8BC41999905A8954 /* Embed Pods Frameworks */ = {
			isa = PBXShellScriptBuildPhase;
			buildActionMask = 2147483647;
			files = (
			);
			inputPaths = (
			);
			name = "Embed Pods Frameworks";
			outputPaths = (
			);
			runOnlyForDeploymentPostprocessing = 0;
			shellPath = /bin/sh;
			shellScript = "\"${SRCROOT}/Pods/Target Support Files/Pods-Sharebill/Pods-Sharebill-frameworks.sh\"\n";
			showEnvVarsInLog = 0;
		};
		CFA77054683284B78F772E0C /* Copy Pods Resources */ = {
			isa = PBXShellScriptBuildPhase;
			buildActionMask = 2147483647;
			files = (
			);
			inputPaths = (
			);
			name = "Copy Pods Resources";
			outputPaths = (
			);
			runOnlyForDeploymentPostprocessing = 0;
			shellPath = /bin/sh;
			shellScript = "\"${SRCROOT}/Pods/Target Support Files/Pods-Sharebill/Pods-Sharebill-resources.sh\"\n";
			showEnvVarsInLog = 0;
		};
/* End PBXShellScriptBuildPhase section */

/* Begin PBXSourcesBuildPhase section */
		CC6A858D1BAD73B3002CBA3E /* Sources */ = {
			isa = PBXSourcesBuildPhase;
			buildActionMask = 2147483647;
			files = (
				CC9C40011BAD828E007C6B87 /* Sharebill.swift in Sources */,
				CC9C3FFF1BAD7BFC007C6B87 /* TransactionListTableViewController.swift in Sources */,
				CC481F291BAD90B30011C2F0 /* TransactionTableViewController.swift in Sources */,
				CCAB17911BADB98200631F5C /* parseRational.swift in Sources */,
				CC6A85971BAD73B3002CBA3E /* AppDelegate.swift in Sources */,
				CCAB17971BAEE5FB00631F5C /* frac.m in Sources */,
				CCAB17931BAE0C7E00631F5C /* NewEntryViewController.swift in Sources */,
				CCAB178F1BADB83B00631F5C /* BalancesTableViewController.swift in Sources */,
			);
			runOnlyForDeploymentPostprocessing = 0;
		};
/* End PBXSourcesBuildPhase section */

/* Begin PBXVariantGroup section */
		CC6A859C1BAD73B4002CBA3E /* Main.storyboard */ = {
			isa = PBXVariantGroup;
			children = (
				CC6A859D1BAD73B4002CBA3E /* Base */,
			);
			name = Main.storyboard;
			sourceTree = "<group>";
		};
		CC6A85A11BAD73B4002CBA3E /* LaunchScreen.xib */ = {
			isa = PBXVariantGroup;
			children = (
				CC6A85A21BAD73B4002CBA3E /* Base */,
			);
			name = LaunchScreen.xib;
			sourceTree = "<group>";
		};
/* End PBXVariantGroup section */

/* Begin XCBuildConfiguration section */
		CC6A85B01BAD73B4002CBA3E /* Debug */ = {
			isa = XCBuildConfiguration;
			buildSettings = {
				ALWAYS_SEARCH_USER_PATHS = NO;
				CLANG_CXX_LANGUAGE_STANDARD = "gnu++0x";
				CLANG_CXX_LIBRARY = "libc++";
				CLANG_ENABLE_MODULES = YES;
				CLANG_ENABLE_OBJC_ARC = YES;
				CLANG_WARN_BOOL_CONVERSION = YES;
				CLANG_WARN_CONSTANT_CONVERSION = YES;
				CLANG_WARN_DIRECT_OBJC_ISA_USAGE = YES_ERROR;
				CLANG_WARN_EMPTY_BODY = YES;
				CLANG_WARN_ENUM_CONVERSION = YES;
				CLANG_WARN_INT_CONVERSION = YES;
				CLANG_WARN_OBJC_ROOT_CLASS = YES_ERROR;
				CLANG_WARN_UNREACHABLE_CODE = YES;
				CLANG_WARN__DUPLICATE_METHOD_MATCH = YES;
				"CODE_SIGN_IDENTITY[sdk=iphoneos*]" = "iPhone Developer";
				COPY_PHASE_STRIP = NO;
				DEBUG_INFORMATION_FORMAT = "dwarf-with-dsym";
				ENABLE_STRICT_OBJC_MSGSEND = YES;
				GCC_C_LANGUAGE_STANDARD = gnu99;
				GCC_DYNAMIC_NO_PIC = NO;
				GCC_NO_COMMON_BLOCKS = YES;
				GCC_OPTIMIZATION_LEVEL = 0;
				GCC_PREPROCESSOR_DEFINITIONS = (
					"DEBUG=1",
					"$(inherited)",
				);
				GCC_SYMBOLS_PRIVATE_EXTERN = NO;
				GCC_WARN_64_TO_32_BIT_CONVERSION = YES;
				GCC_WARN_ABOUT_RETURN_TYPE = YES_ERROR;
				GCC_WARN_UNDECLARED_SELECTOR = YES;
				GCC_WARN_UNINITIALIZED_AUTOS = YES_AGGRESSIVE;
				GCC_WARN_UNUSED_FUNCTION = YES;
				GCC_WARN_UNUSED_VARIABLE = YES;
				IPHONEOS_DEPLOYMENT_TARGET = 8.4;
				MTL_ENABLE_DEBUG_INFO = YES;
				ONLY_ACTIVE_ARCH = YES;
				SDKROOT = iphoneos;
				SWIFT_OPTIMIZATION_LEVEL = "-Onone";
			};
			name = Debug;
		};
		CC6A85B11BAD73B4002CBA3E /* Release */ = {
			isa = XCBuildConfiguration;
			buildSettings = {
				ALWAYS_SEARCH_USER_PATHS = NO;
				CLANG_CXX_LANGUAGE_STANDARD = "gnu++0x";
				CLANG_CXX_LIBRARY = "libc++";
				CLANG_ENABLE_MODULES = YES;
				CLANG_ENABLE_OBJC_ARC = YES;
				CLANG_WARN_BOOL_CONVERSION = YES;
				CLANG_WARN_CONSTANT_CONVERSION = YES;
				CLANG_WARN_DIRECT_OBJC_ISA_USAGE = YES_ERROR;
				CLANG_WARN_EMPTY_BODY = YES;
				CLANG_WARN_ENUM_CONVERSION = YES;
				CLANG_WARN_INT_CONVERSION = YES;
				CLANG_WARN_OBJC_ROOT_CLASS = YES_ERROR;
				CLANG_WARN_UNREACHABLE_CODE = YES;
				CLANG_WARN__DUPLICATE_METHOD_MATCH = YES;
				"CODE_SIGN_IDENTITY[sdk=iphoneos*]" = "iPhone Developer";
				COPY_PHASE_STRIP = NO;
				DEBUG_INFORMATION_FORMAT = "dwarf-with-dsym";
				ENABLE_NS_ASSERTIONS = NO;
				ENABLE_STRICT_OBJC_MSGSEND = YES;
				GCC_C_LANGUAGE_STANDARD = gnu99;
				GCC_NO_COMMON_BLOCKS = YES;
				GCC_WARN_64_TO_32_BIT_CONVERSION = YES;
				GCC_WARN_ABOUT_RETURN_TYPE = YES_ERROR;
				GCC_WARN_UNDECLARED_SELECTOR = YES;
				GCC_WARN_UNINITIALIZED_AUTOS = YES_AGGRESSIVE;
				GCC_WARN_UNUSED_FUNCTION = YES;
				GCC_WARN_UNUSED_VARIABLE = YES;
				IPHONEOS_DEPLOYMENT_TARGET = 8.4;
				MTL_ENABLE_DEBUG_INFO = NO;
				SDKROOT = iphoneos;
				VALIDATE_PRODUCT = YES;
			};
			name = Release;
		};
		CC6A85B31BAD73B4002CBA3E /* Debug */ = {
			isa = XCBuildConfiguration;
			baseConfigurationReference = CF73E0CBC8511927657D2AC7 /* Pods-Sharebill.debug.xcconfig */;
			buildSettings = {
				ASSETCATALOG_COMPILER_APPICON_NAME = AppIcon;
				CLANG_ENABLE_MODULES = YES;
				INFOPLIST_FILE = Sharebill/Info.plist;
				LD_RUNPATH_SEARCH_PATHS = "$(inherited) @executable_path/Frameworks";
				PRODUCT_NAME = "$(TARGET_NAME)";
				SWIFT_OBJC_BRIDGING_HEADER = "Sharebill-Bridging-Header.h";
				SWIFT_OPTIMIZATION_LEVEL = "-Onone";
			};
			name = Debug;
		};
		CC6A85B41BAD73B4002CBA3E /* Release */ = {
			isa = XCBuildConfiguration;
			baseConfigurationReference = F72284FB7E885574735017BF /* Pods-Sharebill.release.xcconfig */;
			buildSettings = {
				ASSETCATALOG_COMPILER_APPICON_NAME = AppIcon;
				CLANG_ENABLE_MODULES = YES;
				INFOPLIST_FILE = Sharebill/Info.plist;
				LD_RUNPATH_SEARCH_PATHS = "$(inherited) @executable_path/Frameworks";
				PRODUCT_NAME = "$(TARGET_NAME)";
				SWIFT_OBJC_BRIDGING_HEADER = "Sharebill-Bridging-Header.h";
			};
			name = Release;
		};
/* End XCBuildConfiguration section */

/* Begin XCConfigurationList section */
		CC6A858C1BAD73B3002CBA3E /* Build configuration list for PBXProject "Sharebill" */ = {
			isa = XCConfigurationList;
			buildConfigurations = (
				CC6A85B01BAD73B4002CBA3E /* Debug */,
				CC6A85B11BAD73B4002CBA3E /* Release */,
			);
			defaultConfigurationIsVisible = 0;
			defaultConfigurationName = Release;
		};
		CC6A85B21BAD73B4002CBA3E /* Build configuration list for PBXNativeTarget "Sharebill" */ = {
			isa = XCConfigurationList;
			buildConfigurations = (
				CC6A85B31BAD73B4002CBA3E /* Debug */,
				CC6A85B41BAD73B4002CBA3E /* Release */,
			);
			defaultConfigurationIsVisible = 0;
			defaultConfigurationName = Release;
		};
/* End XCConfigurationList section */
	};
	rootObject = CC6A85891BAD73B3002CBA3E /* Project object */;
}
